
Microsoft Visual Studio Solution File, Format Version 12.00
# Visual Studio Version 17
VisualStudioVersion = 17.11.35222.181
MinimumVisualStudioVersion = 10.0.40219.1
Project("{FAE04EC0-301F-11D3-BF4B-00C04F79EFBC}") = "Lb№2_OP_V.T_KN-24", "Lb№2_OP_V.T_KN-24\Lb№2_OP_V.T_KN-24.csproj", "{89B0ABAA-D6DA-4F9D-B880-2100490A5465}"
EndProject
Global
	GlobalSection(SolutionConfigurationPlatforms) = preSolution
		Debug|Any CPU = Debug|Any CPU
		Release|Any CPU = Release|Any CPU
	EndGlobalSection
	GlobalSection(ProjectConfigurationPlatforms) = postSolution
		{89B0ABAA-D6DA-4F9D-B880-2100490A5465}.Debug|Any CPU.ActiveCfg = Debug|Any CPU
		{89B0ABAA-D6DA-4F9D-B880-2100490A5465}.Debug|Any CPU.Build.0 = Debug|Any CPU
		{89B0ABAA-D6DA-4F9D-B880-2100490A5465}.Release|Any CPU.ActiveCfg = Release|Any CPU
		{89B0ABAA-D6DA-4F9D-B880-2100490A5465}.Release|Any CPU.Build.0 = Release|Any CPU
	EndGlobalSection
	GlobalSection(SolutionProperties) = preSolution
		HideSolutionNode = FALSE
	EndGlobalSection
	GlobalSection(ExtensibilityGlobals) = postSolution
		SolutionGuid = {F54B4727-CD0E-445B-8FB0-8C6B5272E6F7}
	EndGlobalSection
EndGlobal
